<?xml version="1.0" encoding="utf-8"?>
<Project ToolsVersion="4.0" xmlns="http://schemas.microsoft.com/developer/msbuild/2003">
  <ItemGroup>
    <Filter Include="Game">
      <UniqueIdentifier>{2d2576e9-8918-46a4-89d1-7de61b8b7dac}</UniqueIdentifier>
    </Filter>
    <Filter Include="Engine">
      <UniqueIdentifier>{50f5f68d-2863-4ca4-90db-828c2b1141b4}</UniqueIdentifier>
    </Filter>
    <Filter Include="Shader">
      <UniqueIdentifier>{47584203-567b-4b93-980b-5e95414c4ff1}</UniqueIdentifier>
    </Filter>
    <Filter Include="Engine\Audio">
      <UniqueIdentifier>{d82a1f67-0888-4f6c-be60-86d35cbeccd8}</UniqueIdentifier>
    </Filter>
    <Filter Include="Engine\DebugText">
      <UniqueIdentifier>{237bdce4-9e62-47dd-9bc6-8188f921747d}</UniqueIdentifier>
    </Filter>
    <Filter Include="Engine\DirectXCommon">
      <UniqueIdentifier>{08369c9e-6a95-461e-8ba2-7be172026fd1}</UniqueIdentifier>
    </Filter>
    <Filter Include="Engine\Input">
      <UniqueIdentifier>{0c55f59d-b772-4e92-9b6f-559754da1f63}</UniqueIdentifier>
    </Filter>
    <Filter Include="Engine\Object3d">
      <UniqueIdentifier>{15a6d525-ec75-4a1c-acd6-b7a6833bf39e}</UniqueIdentifier>
    </Filter>
    <Filter Include="Engine\PipelineSet">
      <UniqueIdentifier>{712955f3-3eee-487c-950b-19f16302289c}</UniqueIdentifier>
    </Filter>
    <Filter Include="Engine\Sprite">
      <UniqueIdentifier>{1b6a1f3c-513a-4be8-9be6-75a0cbd533d3}</UniqueIdentifier>
    </Filter>
    <Filter Include="Engine\Sprite\SpriteCommon">
      <UniqueIdentifier>{8a5f80f1-f5fd-4802-b3b4-c170b92bcf84}</UniqueIdentifier>
    </Filter>
    <Filter Include="Base">
      <UniqueIdentifier>{513b9996-4c4e-44de-856d-927741815bae}</UniqueIdentifier>
    </Filter>
    <Filter Include="Base\Framework">
      <UniqueIdentifier>{a322c38a-4d31-470f-a927-c8921df0486a}</UniqueIdentifier>
    </Filter>
    <Filter Include="Game\MyGame">
      <UniqueIdentifier>{0593cf63-ecc2-4a41-a658-3a2f8fe471cc}</UniqueIdentifier>
    </Filter>
    <Filter Include="Engine\Object3d\OBJ">
      <UniqueIdentifier>{c2adb965-599c-4c37-a6ff-eaf3ebc0461d}</UniqueIdentifier>
    </Filter>
    <Filter Include="Engine\WinApp">
      <UniqueIdentifier>{8bb42c76-2c9a-43c5-a4f4-201ab0d71a2d}</UniqueIdentifier>
    </Filter>
    <Filter Include="Engine\Object3d\Light">
      <UniqueIdentifier>{f40f9e3a-4e34-4cd9-a7a3-eec55b1a4d7b}</UniqueIdentifier>
    </Filter>
    <Filter Include="Engine\Object3d\Camera">
      <UniqueIdentifier>{c7414421-fb7c-4d56-a298-dadce53dc57c}</UniqueIdentifier>
    </Filter>
    <Filter Include="Engine\Math">
      <UniqueIdentifier>{967cb3e2-397a-4c7a-9743-db0b8f6cfe8c}</UniqueIdentifier>
    </Filter>
    <Filter Include="Engine\Object3d\FBX">
      <UniqueIdentifier>{5171de3a-4fdd-4cd8-af09-4d22ce920bb1}</UniqueIdentifier>
    </Filter>
    <Filter Include="Shader\FBX">
      <UniqueIdentifier>{ba324891-3e0c-4f36-8639-457e986973ad}</UniqueIdentifier>
    </Filter>
    <Filter Include="Shader\OBJ">
      <UniqueIdentifier>{6bc30916-4b71-4f1a-8aa2-f9f834c6a724}</UniqueIdentifier>
    </Filter>
    <Filter Include="Shader\Particle">
      <UniqueIdentifier>{bbdd1bc5-478d-430a-b158-ee97dbf40bb1}</UniqueIdentifier>
    </Filter>
    <Filter Include="Shader\Sprite">
      <UniqueIdentifier>{7321e574-1ed9-41ef-a388-bae85dcb46ac}</UniqueIdentifier>
    </Filter>
    <Filter Include="Engine\Object3d\Particle">
      <UniqueIdentifier>{194c33c2-bf62-4329-b922-6e90965e8fe5}</UniqueIdentifier>
    </Filter>
    <Filter Include="Engine\Math\Vector">
      <UniqueIdentifier>{659a182d-ef9a-49b1-ac08-e34d681a5e9a}</UniqueIdentifier>
    </Filter>
    <Filter Include="Base\SafeDelete">
      <UniqueIdentifier>{ef74e972-f161-4333-85aa-73b761c05d06}</UniqueIdentifier>
    </Filter>
    <Filter Include="Engine\Collison">
      <UniqueIdentifier>{217e5519-06cd-418d-bcfc-aae9f3d49dd1}</UniqueIdentifier>
    </Filter>
    <Filter Include="Engine\Collison\Collider">
      <UniqueIdentifier>{cbb53e4b-6353-4d13-a4b7-75f334c687d2}</UniqueIdentifier>
    </Filter>
    <Filter Include="Game\Scene">
      <UniqueIdentifier>{01528c08-d1e8-45da-899f-27222946e2bc}</UniqueIdentifier>
    </Filter>
    <Filter Include="Game\Scene\TitleScene">
      <UniqueIdentifier>{ee25fca0-7b50-4448-9a53-f2c943648002}</UniqueIdentifier>
    </Filter>
    <Filter Include="Game\Scene\PlayScene">
      <UniqueIdentifier>{76f41993-4a6d-4bf1-afca-d61bfbff7f1b}</UniqueIdentifier>
    </Filter>
    <Filter Include="Game\Scene\SceneManager">
      <UniqueIdentifier>{a52dfd2a-09aa-4357-9d67-875abb6695a9}</UniqueIdentifier>
    </Filter>
    <Filter Include="Shader\OBJ\BaseShader">
      <UniqueIdentifier>{c98a9ce1-38db-4562-9f9d-a36b9e31f6d3}</UniqueIdentifier>
    </Filter>
    <Filter Include="Game\GameObject">
      <UniqueIdentifier>{b367720e-24fc-46e6-9a36-f6a27f4d6e41}</UniqueIdentifier>
    </Filter>
    <Filter Include="Game\GameObject\Player">
      <UniqueIdentifier>{23038a18-17e8-4d9a-a4fb-d454f32d2012}</UniqueIdentifier>
    </Filter>
    <Filter Include="Game\Scene\BaseScene">
      <UniqueIdentifier>{d7624191-4637-4e5c-bf62-412fd49ebd43}</UniqueIdentifier>
    </Filter>
    <Filter Include="Game\GameObject\Player\PlayerBullet">
      <UniqueIdentifier>{0d88965a-5752-4f6e-8e93-543221d01aa1}</UniqueIdentifier>
    </Filter>
    <Filter Include="Engine\Math\Matrix">
      <UniqueIdentifier>{51459ef9-0d64-43d2-87cf-6e41cea6546e}</UniqueIdentifier>
    </Filter>
    <Filter Include="Engine\Math\Quaternion">
      <UniqueIdentifier>{bb28ad14-4e4e-48e0-849c-d562c363fc20}</UniqueIdentifier>
    </Filter>
    <Filter Include="Game\GameObject\Enemy">
      <UniqueIdentifier>{bcc257ba-a1d3-4c34-b0d6-fc8f46f4c7ab}</UniqueIdentifier>
    </Filter>
    <Filter Include="Game\GameObject\Enemy\EnemyBullet">
      <UniqueIdentifier>{12f2771a-ca06-4254-9274-e3e8c40badfc}</UniqueIdentifier>
    </Filter>
  </ItemGroup>
  <ItemGroup>
    <ClCompile Include="audio\Audio.cpp">
      <Filter>Engine\Audio</Filter>
    </ClCompile>
    <ClCompile Include="2d\DebugText.cpp">
      <Filter>Engine\DebugText</Filter>
    </ClCompile>
    <ClCompile Include="base\DirectXCommon.cpp">
      <Filter>Engine\DirectXCommon</Filter>
    </ClCompile>
    <ClCompile Include="Input\Input.cpp">
      <Filter>Engine\Input</Filter>
    </ClCompile>
    <ClCompile Include="2d\Sprite.cpp">
      <Filter>Engine\Sprite</Filter>
    </ClCompile>
    <ClCompile Include="2d\SpriteCommon.cpp">
      <Filter>Engine\Sprite\SpriteCommon</Filter>
    </ClCompile>
    <ClCompile Include="base\WinApp.cpp">
      <Filter>Engine\WinApp</Filter>
    </ClCompile>
    <ClCompile Include="main.cpp">
      <Filter>Base</Filter>
    </ClCompile>
    <ClCompile Include="base\Framework.cpp">
      <Filter>Base\Framework</Filter>
    </ClCompile>
    <ClCompile Include="base\MyGame.cpp">
      <Filter>Game\MyGame</Filter>
    </ClCompile>
    <ClCompile Include="3d\Object3d.cpp">
      <Filter>Engine\Object3d\OBJ</Filter>
    </ClCompile>
    <ClCompile Include="3d\Model.cpp">
      <Filter>Engine\Object3d\OBJ</Filter>
    </ClCompile>
    <ClCompile Include="3d\Material.cpp">
      <Filter>Engine\Object3d\OBJ</Filter>
    </ClCompile>
    <ClCompile Include="3d\Mesh.cpp">
      <Filter>Engine\Object3d\OBJ</Filter>
    </ClCompile>
    <ClCompile Include="light\LightGroup.cpp">
      <Filter>Engine\Object3d\Light</Filter>
    </ClCompile>
    <ClCompile Include="camera\Camera.cpp">
      <Filter>Engine\Object3d\Camera</Filter>
    </ClCompile>
    <ClCompile Include="3d\FbxObject3d.cpp">
      <Filter>Engine\Object3d\FBX</Filter>
    </ClCompile>
    <ClCompile Include="3d\FbxLoader.cpp">
      <Filter>Engine\Object3d\FBX</Filter>
    </ClCompile>
    <ClCompile Include="3d\FbxModel.cpp">
      <Filter>Engine\Object3d\FBX</Filter>
    </ClCompile>
    <ClCompile Include="3d\ParticleManager.cpp">
      <Filter>Engine\Object3d\Particle</Filter>
    </ClCompile>
    <ClCompile Include="collision\Collision.cpp">
      <Filter>Engine\Collison</Filter>
    </ClCompile>
    <ClCompile Include="collision\CollisionManager.cpp">
      <Filter>Engine\Collison</Filter>
    </ClCompile>
    <ClCompile Include="collision\SphereCollider.cpp">
      <Filter>Engine\Collison\Collider</Filter>
    </ClCompile>
    <ClCompile Include="collision\CollisionPrimitive.cpp">
      <Filter>Engine\Collison\Collider</Filter>
    </ClCompile>
    <ClCompile Include="3d\TouchableObject.cpp">
      <Filter>Engine\Object3d\OBJ</Filter>
    </ClCompile>
    <ClCompile Include="collision\MeshCollider.cpp">
      <Filter>Engine\Collison\Collider</Filter>
    </ClCompile>
    <ClCompile Include="scene\TitleScene.cpp">
      <Filter>Game\Scene\TitleScene</Filter>
    </ClCompile>
    <ClCompile Include="scene\PlayScene.cpp">
      <Filter>Game\Scene\PlayScene</Filter>
    </ClCompile>
    <ClCompile Include="scene\SceneManager.cpp">
      <Filter>Game\Scene\SceneManager</Filter>
    </ClCompile>
    <ClCompile Include="scene\BaseScene.cpp">
      <Filter>Game\Scene\BaseScene</Filter>
    </ClCompile>
    <ClCompile Include="player\Player.cpp">
      <Filter>Game\GameObject\Player</Filter>
    </ClCompile>
    <ClCompile Include="math\Matrix4.cpp">
      <Filter>Engine\Math\Matrix</Filter>
    </ClCompile>
    <ClCompile Include="math\Vector3.cpp">
      <Filter>Engine\Math\Vector</Filter>
    </ClCompile>
    <ClCompile Include="math\Quaternion.cpp">
      <Filter>Engine\Math\Quaternion</Filter>
    </ClCompile>
    <ClCompile Include="enemy\Enemy.cpp">
      <Filter>Game\GameObject\Enemy</Filter>
    </ClCompile>
    <ClCompile Include="player\PlayerBullet.cpp">
      <Filter>Game\GameObject\Player\PlayerBullet</Filter>
    </ClCompile>
    <ClCompile Include="enemy\EnemyBullet.cpp">
      <Filter>Game\GameObject\Enemy\EnemyBullet</Filter>
    </ClCompile>
  </ItemGroup>
  <ItemGroup>
    <FxCompile Include="Resources\shaders\FBXPixelShader.hlsl">
      <Filter>Shader\FBX</Filter>
    </FxCompile>
    <FxCompile Include="Resources\shaders\FBXVertexShader.hlsl">
      <Filter>Shader\FBX</Filter>
    </FxCompile>
    <FxCompile Include="Resources\shaders\ParticleGS.hlsl">
      <Filter>Shader\Particle</Filter>
    </FxCompile>
    <FxCompile Include="Resources\shaders\ParticlePS.hlsl">
      <Filter>Shader\Particle</Filter>
    </FxCompile>
    <FxCompile Include="Resources\shaders\ParticleVS.hlsl">
      <Filter>Shader\Particle</Filter>
    </FxCompile>
    <FxCompile Include="Resources\shaders\SpritePS.hlsl">
      <Filter>Shader\Sprite</Filter>
    </FxCompile>
    <FxCompile Include="Resources\shaders\SpriteVS.hlsl">
      <Filter>Shader\Sprite</Filter>
    </FxCompile>
    <FxCompile Include="Resources\shaders\OBJPixelShader.hlsl">
      <Filter>Shader\OBJ\BaseShader</Filter>
    </FxCompile>
    <FxCompile Include="Resources\shaders\OBJVertexShader.hlsl">
      <Filter>Shader\OBJ\BaseShader</Filter>
    </FxCompile>
  </ItemGroup>
  <ItemGroup>
    <None Include="Resources\shaders\FBXShaderHeader.hlsli">
      <Filter>Shader\FBX</Filter>
    </None>
    <None Include="Resources\shaders\Particle.hlsli">
      <Filter>Shader\Particle</Filter>
    </None>
    <None Include="Resources\shaders\Sprite.hlsli">
      <Filter>Shader\Sprite</Filter>
    </None>
    <None Include="Resources\shaders\OBJShaderHeader.hlsli">
      <Filter>Shader\OBJ\BaseShader</Filter>
    </None>
  </ItemGroup>
  <ItemGroup>
    <ClInclude Include="audio\Audio.h">
      <Filter>Engine\Audio</Filter>
    </ClInclude>
    <ClInclude Include="2d\DebugText.h">
      <Filter>Engine\DebugText</Filter>
    </ClInclude>
    <ClInclude Include="base\DirectXCommon.h">
      <Filter>Engine\DirectXCommon</Filter>
    </ClInclude>
    <ClInclude Include="Input\Input.h">
      <Filter>Engine\Input</Filter>
    </ClInclude>
    <ClInclude Include="2d\PipelineSet.h">
      <Filter>Engine\PipelineSet</Filter>
    </ClInclude>
    <ClInclude Include="base\SafeDelete.h">
      <Filter>Base\SafeDelete</Filter>
    </ClInclude>
    <ClInclude Include="2d\Sprite.h">
      <Filter>Engine\Sprite</Filter>
    </ClInclude>
    <ClInclude Include="2d\SpriteCommon.h">
      <Filter>Engine\Sprite\SpriteCommon</Filter>
    </ClInclude>
    <ClInclude Include="base\WinApp.h">
      <Filter>Engine\WinApp</Filter>
    </ClInclude>
    <ClInclude Include="base\Framework.h">
      <Filter>Base\Framework</Filter>
    </ClInclude>
    <ClInclude Include="base\MyGame.h">
      <Filter>Game\MyGame</Filter>
    </ClInclude>
    <ClInclude Include="3d\Object3d.h">
      <Filter>Engine\Object3d\OBJ</Filter>
    </ClInclude>
    <ClInclude Include="3d\Model.h">
      <Filter>Engine\Object3d\OBJ</Filter>
    </ClInclude>
    <ClInclude Include="3d\Material.h">
      <Filter>Engine\Object3d\OBJ</Filter>
    </ClInclude>
    <ClInclude Include="3d\Mesh.h">
      <Filter>Engine\Object3d\OBJ</Filter>
    </ClInclude>
    <ClInclude Include="light\LightGroup.h">
      <Filter>Engine\Object3d\Light</Filter>
    </ClInclude>
    <ClInclude Include="light\DirectionalLight.h">
      <Filter>Engine\Object3d\Light</Filter>
    </ClInclude>
    <ClInclude Include="camera\Camera.h">
      <Filter>Engine\Object3d\Camera</Filter>
    </ClInclude>
    <ClInclude Include="3d\FbxModel.h">
      <Filter>Engine\Object3d\FBX</Filter>
    </ClInclude>
    <ClInclude Include="3d\FbxObject3d.h">
      <Filter>Engine\Object3d\FBX</Filter>
    </ClInclude>
    <ClInclude Include="3d\FbxLoader.h">
      <Filter>Engine\Object3d\FBX</Filter>
    </ClInclude>
    <ClInclude Include="3d\ParticleManager.h">
      <Filter>Engine\Object3d\Particle</Filter>
    </ClInclude>
    <ClInclude Include="collision\Collision.h">
      <Filter>Engine\Collison</Filter>
    </ClInclude>
    <ClInclude Include="collision\CollisionInfo.h">
      <Filter>Engine\Collison</Filter>
    </ClInclude>
    <ClInclude Include="collision\CollisionTypes.h">
      <Filter>Engine\Collison</Filter>
    </ClInclude>
    <ClInclude Include="collision\CollisionManager.h">
      <Filter>Engine\Collison</Filter>
    </ClInclude>
    <ClInclude Include="collision\BaseCollider.h">
      <Filter>Engine\Collison\Collider</Filter>
    </ClInclude>
    <ClInclude Include="collision\SphereCollider.h">
      <Filter>Engine\Collison\Collider</Filter>
    </ClInclude>
    <ClInclude Include="collision\CollisionPrimitive.h">
      <Filter>Engine\Collison\Collider</Filter>
    </ClInclude>
    <ClInclude Include="3d\TouchableObject.h">
      <Filter>Engine\Object3d\OBJ</Filter>
    </ClInclude>
    <ClInclude Include="collision\CollisionAttribute.h">
      <Filter>Engine\Collison</Filter>
    </ClInclude>
    <ClInclude Include="collision\QueryCallback.h">
      <Filter>Engine\Collison\Collider</Filter>
    </ClInclude>
    <ClInclude Include="collision\RaycastHit.h">
      <Filter>Engine\Collison\Collider</Filter>
    </ClInclude>
    <ClInclude Include="collision\MeshCollider.h">
      <Filter>Engine\Collison\Collider</Filter>
    </ClInclude>
    <ClInclude Include="scene\TitleScene.h">
      <Filter>Game\Scene\TitleScene</Filter>
    </ClInclude>
    <ClInclude Include="scene\PlayScene.h">
      <Filter>Game\Scene\PlayScene</Filter>
    </ClInclude>
    <ClInclude Include="scene\SceneManager.h">
      <Filter>Game\Scene\SceneManager</Filter>
    </ClInclude>
    <ClInclude Include="scene\BaseScene.h">
      <Filter>Game\Scene\BaseScene</Filter>
    </ClInclude>
    <ClInclude Include="player\Player.h">
      <Filter>Game\GameObject\Player</Filter>
    </ClInclude>
    <ClInclude Include="math\Matrix4.h">
      <Filter>Engine\Math\Matrix</Filter>
    </ClInclude>
    <ClInclude Include="math\Vector3.h">
      <Filter>Engine\Math\Vector</Filter>
    </ClInclude>
    <ClInclude Include="math\Quaternion.h">
      <Filter>Engine\Math\Quaternion</Filter>
    </ClInclude>
    <ClInclude Include="enemy\Enemy.h">
      <Filter>Game\GameObject\Enemy</Filter>
    </ClInclude>
    <ClInclude Include="player\PlayerBullet.h">
      <Filter>Game\GameObject\Player\PlayerBullet</Filter>
    </ClInclude>
    <ClInclude Include="enemy\EnemyBullet.h">
      <Filter>Game\GameObject\Enemy\EnemyBullet</Filter>
    </ClInclude>
  </ItemGroup>
</Project>